// !$*UTF8*$!
{
	archiveVersion = 1;
	classes = {
	};
	objectVersion = 56;
	objects = {

/* Begin PBXBuildFile section */
		4D3B3A692C4D726500B80633 /* Robot_RemoteApp.swift in Sources */ = {isa = PBXBuildFile; fileRef = 4D3B3A682C4D726500B80633 /* Robot_RemoteApp.swift */; };
		4D3B3A6B2C4D726500B80633 /* ContentView.swift in Sources */ = {isa = PBXBuildFile; fileRef = 4D3B3A6A2C4D726500B80633 /* ContentView.swift */; };
		4D3B3A6D2C4D726500B80633 /* Assets.xcassets in Resources */ = {isa = PBXBuildFile; fileRef = 4D3B3A6C2C4D726500B80633 /* Assets.xcassets */; };
		4D3B3A712C4D726500B80633 /* Preview Assets.xcassets in Resources */ = {isa = PBXBuildFile; fileRef = 4D3B3A702C4D726500B80633 /* Preview Assets.xcassets */; };
		4D3B3A7B2C4D726500B80633 /* Robot_RemoteTests.swift in Sources */ = {isa = PBXBuildFile; fileRef = 4D3B3A7A2C4D726500B80633 /* Robot_RemoteTests.swift */; };
		4D3B3A852C4D726600B80633 /* Robot_RemoteUITests.swift in Sources */ = {isa = PBXBuildFile; fileRef = 4D3B3A842C4D726600B80633 /* Robot_RemoteUITests.swift */; };
		4D3B3A872C4D726600B80633 /* Robot_RemoteUITestsLaunchTests.swift in Sources */ = {isa = PBXBuildFile; fileRef = 4D3B3A862C4D726600B80633 /* Robot_RemoteUITestsLaunchTests.swift */; };
/* End PBXBuildFile section */

/* Begin PBXContainerItemProxy section */
		4D3B3A772C4D726500B80633 /* PBXContainerItemProxy */ = {
			isa = PBXContainerItemProxy;
			containerPortal = 4D3B3A5D2C4D726500B80633 /* Project object */;
			proxyType = 1;
			remoteGlobalIDString = 4D3B3A642C4D726500B80633;
			remoteInfo = "Robot Remote";
		};
		4D3B3A812C4D726600B80633 /* PBXContainerItemProxy */ = {
			isa = PBXContainerItemProxy;
			containerPortal = 4D3B3A5D2C4D726500B80633 /* Project object */;
			proxyType = 1;
			remoteGlobalIDString = 4D3B3A642C4D726500B80633;
			remoteInfo = "Robot Remote";
		};
/* End PBXContainerItemProxy section */

/* Begin PBXFileReference section */
		4D3B3A652C4D726500B80633 /* Robot Remote.app */ = {isa = PBXFileReference; explicitFileType = wrapper.application; includeInIndex = 0; path = "Robot Remote.app"; sourceTree = BUILT_PRODUCTS_DIR; };
		4D3B3A682C4D726500B80633 /* Robot_RemoteApp.swift */ = {isa = PBXFileReference; lastKnownFileType = sourcecode.swift; path = Robot_RemoteApp.swift; sourceTree = "<group>"; };
		4D3B3A6A2C4D726500B80633 /* ContentView.swift */ = {isa = PBXFileReference; lastKnownFileType = sourcecode.swift; path = ContentView.swift; sourceTree = "<group>"; };
		4D3B3A6C2C4D726500B80633 /* Assets.xcassets */ = {isa = PBXFileReference; lastKnownFileType = folder.assetcatalog; path = Assets.xcassets; sourceTree = "<group>"; };
		4D3B3A6E2C4D726500B80633 /* Robot_Remote.entitlements */ = {isa = PBXFileReference; lastKnownFileType = text.plist.entitlements; path = Robot_Remote.entitlements; sourceTree = "<group>"; };
		4D3B3A702C4D726500B80633 /* Preview Assets.xcassets */ = {isa = PBXFileReference; lastKnownFileType = folder.assetcatalog; path = "Preview Assets.xcassets"; sourceTree = "<group>"; };
		4D3B3A762C4D726500B80633 /* Robot RemoteTests.xctest */ = {isa = PBXFileReference; explicitFileType = wrapper.cfbundle; includeInIndex = 0; path = "Robot RemoteTests.xctest"; sourceTree = BUILT_PRODUCTS_DIR; };
		4D3B3A7A2C4D726500B80633 /* Robot_RemoteTests.swift */ = {isa = PBXFileReference; lastKnownFileType = sourcecode.swift; path = Robot_RemoteTests.swift; sourceTree = "<group>"; };
		4D3B3A802C4D726600B80633 /* Robot RemoteUITests.xctest */ = {isa = PBXFileReference; explicitFileType = wrapper.cfbundle; includeInIndex = 0; path = "Robot RemoteUITests.xctest"; sourceTree = BUILT_PRODUCTS_DIR; };
		4D3B3A842C4D726600B80633 /* Robot_RemoteUITests.swift */ = {isa = PBXFileReference; lastKnownFileType = sourcecode.swift; path = Robot_RemoteUITests.swift; sourceTree = "<group>"; };
		4D3B3A862C4D726600B80633 /* Robot_RemoteUITestsLaunchTests.swift */ = {isa = PBXFileReference; lastKnownFileType = sourcecode.swift; path = Robot_RemoteUITestsLaunchTests.swift; sourceTree = "<group>"; };
/* End PBXFileReference section */

/* Begin PBXFrameworksBuildPhase section */
		4D3B3A622C4D726500B80633 /* Frameworks */ = {
			isa = PBXFrameworksBuildPhase;
			buildActionMask = 2147483647;
			files = (
			);
			runOnlyForDeploymentPostprocessing = 0;
		};
		4D3B3A732C4D726500B80633 /* Frameworks */ = {
			isa = PBXFrameworksBuildPhase;
			buildActionMask = 2147483647;
			files = (
			);
			runOnlyForDeploymentPostprocessing = 0;
		};
		4D3B3A7D2C4D726600B80633 /* Frameworks */ = {
			isa = PBXFrameworksBuildPhase;
			buildActionMask = 2147483647;
			files = (
			);
			runOnlyForDeploymentPostprocessing = 0;
		};
/* End PBXFrameworksBuildPhase section */

/* Begin PBXGroup section */
		4D3B3A5C2C4D726500B80633 = {
			isa = PBXGroup;
			children = (
				4D3B3A672C4D726500B80633 /* Robot Remote */,
				4D3B3A792C4D726500B80633 /* Robot RemoteTests */,
				4D3B3A832C4D726600B80633 /* Robot RemoteUITests */,
				4D3B3A662C4D726500B80633 /* Products */,
			);
			sourceTree = "<group>";
		};
		4D3B3A662C4D726500B80633 /* Products */ = {
			isa = PBXGroup;
			children = (
				4D3B3A652C4D726500B80633 /* Robot Remote.app */,
				4D3B3A762C4D726500B80633 /* Robot RemoteTests.xctest */,
				4D3B3A802C4D726600B80633 /* Robot RemoteUITests.xctest */,
			);
			name = Products;
			sourceTree = "<group>";
		};
		4D3B3A672C4D726500B80633 /* Robot Remote */ = {
			isa = PBXGroup;
			children = (
				4D3B3A682C4D726500B80633 /* Robot_RemoteApp.swift */,
				4D3B3A6A2C4D726500B80633 /* ContentView.swift */,
				4D3B3A6C2C4D726500B80633 /* Assets.xcassets */,
				4D3B3A6E2C4D726500B80633 /* Robot_Remote.entitlements */,
				4D3B3A6F2C4D726500B80633 /* Preview Content */,
			);
			path = "Robot Remote";
			sourceTree = "<group>";
		};
		4D3B3A6F2C4D726500B80633 /* Preview Content */ = {
			isa = PBXGroup;
			children = (
				4D3B3A702C4D726500B80633 /* Preview Assets.xcassets */,
			);
			path = "Preview Content";
			sourceTree = "<group>";
		};
		4D3B3A792C4D726500B80633 /* Robot RemoteTests */ = {
			isa = PBXGroup;
			children = (
				4D3B3A7A2C4D726500B80633 /* Robot_RemoteTests.swift */,
			);
			path = "Robot RemoteTests";
			sourceTree = "<group>";
		};
		4D3B3A832C4D726600B80633 /* Robot RemoteUITests */ = {
			isa = PBXGroup;
			children = (
				4D3B3A842C4D726600B80633 /* Robot_RemoteUITests.swift */,
				4D3B3A862C4D726600B80633 /* Robot_RemoteUITestsLaunchTests.swift */,
			);
			path = "Robot RemoteUITests";
			sourceTree = "<group>";
		};
/* End PBXGroup section */

/* Begin PBXNativeTarget section */
		4D3B3A642C4D726500B80633 /* Robot Remote */ = {
			isa = PBXNativeTarget;
			buildConfigurationList = 4D3B3A8A2C4D726600B80633 /* Build configuration list for PBXNativeTarget "Robot Remote" */;
			buildPhases = (
				4D3B3A612C4D726500B80633 /* Sources */,
				4D3B3A622C4D726500B80633 /* Frameworks */,
				4D3B3A632C4D726500B80633 /* Resources */,
			);
			buildRules = (
			);
			dependencies = (
			);
			name = "Robot Remote";
			productName = "Robot Remote";
			productReference = 4D3B3A652C4D726500B80633 /* Robot Remote.app */;
			productType = "com.apple.product-type.application";
		};
		4D3B3A752C4D726500B80633 /* Robot RemoteTests */ = {
			isa = PBXNativeTarget;
			buildConfigurationList = 4D3B3A8D2C4D726600B80633 /* Build configuration list for PBXNativeTarget "Robot RemoteTests" */;
			buildPhases = (
				4D3B3A722C4D726500B80633 /* Sources */,
				4D3B3A732C4D726500B80633 /* Frameworks */,
				4D3B3A742C4D726500B80633 /* Resources */,
			);
			buildRules = (
			);
			dependencies = (
				4D3B3A782C4D726500B80633 /* PBXTargetDependency */,
			);
			name = "Robot RemoteTests";
			productName = "Robot RemoteTests";
			productReference = 4D3B3A762C4D726500B80633 /* Robot RemoteTests.xctest */;
			productType = "com.apple.product-type.bundle.unit-test";
		};
		4D3B3A7F2C4D726600B80633 /* Robot RemoteUITests */ = {
			isa = PBXNativeTarget;
			buildConfigurationList = 4D3B3A902C4D726600B80633 /* Build configuration list for PBXNativeTarget "Robot RemoteUITests" */;
			buildPhases = (
				4D3B3A7C2C4D726600B80633 /* Sources */,
				4D3B3A7D2C4D726600B80633 /* Frameworks */,
				4D3B3A7E2C4D726600B80633 /* Resources */,
			);
			buildRules = (
			);
			dependencies = (
				4D3B3A822C4D726600B80633 /* PBXTargetDependency */,
			);
			name = "Robot RemoteUITests";
			productName = "Robot RemoteUITests";
			productReference = 4D3B3A802C4D726600B80633 /* Robot RemoteUITests.xctest */;
			productType = "com.apple.product-type.bundle.ui-testing";
		};
/* End PBXNativeTarget section */

/* Begin PBXProject section */
		4D3B3A5D2C4D726500B80633 /* Project object */ = {
			isa = PBXProject;
			attributes = {
				BuildIndependentTargetsInParallel = 1;
				LastSwiftUpdateCheck = 1540;
				LastUpgradeCheck = 1540;
				TargetAttributes = {
					4D3B3A642C4D726500B80633 = {
						CreatedOnToolsVersion = 15.4;
					};
					4D3B3A752C4D726500B80633 = {
						CreatedOnToolsVersion = 15.4;
						TestTargetID = 4D3B3A642C4D726500B80633;
					};
					4D3B3A7F2C4D726600B80633 = {
						CreatedOnToolsVersion = 15.4;
						TestTargetID = 4D3B3A642C4D726500B80633;
					};
				};
			};
			buildConfigurationList = 4D3B3A602C4D726500B80633 /* Build configuration list for PBXProject "Robot Remote" */;
			compatibilityVersion = "Xcode 14.0";
			developmentRegion = en;
			hasScannedForEncodings = 0;
			knownRegions = (
				en,
				Base,
			);
			mainGroup = 4D3B3A5C2C4D726500B80633;
			productRefGroup = 4D3B3A662C4D726500B80633 /* Products */;
			projectDirPath = "";
			projectRoot = "";
			targets = (
				4D3B3A642C4D726500B80633 /* Robot Remote */,
				4D3B3A752C4D726500B80633 /* Robot RemoteTests */,
				4D3B3A7F2C4D726600B80633 /* Robot RemoteUITests */,
			);
		};
/* End PBXProject section */

/* Begin PBXResourcesBuildPhase section */
		4D3B3A632C4D726500B80633 /* Resources */ = {
			isa = PBXResourcesBuildPhase;
			buildActionMask = 2147483647;
			files = (
				4D3B3A712C4D726500B80633 /* Preview Assets.xcassets in Resources */,
				4D3B3A6D2C4D726500B80633 /* Assets.xcassets in Resources */,
			);
			runOnlyForDeploymentPostprocessing = 0;
		};
		4D3B3A742C4D726500B80633 /* Resources */ = {
			isa = PBXResourcesBuildPhase;
			buildActionMask = 2147483647;
			files = (
			);
			runOnlyForDeploymentPostprocessing = 0;
		};
		4D3B3A7E2C4D726600B80633 /* Resources */ = {
			isa = PBXResourcesBuildPhase;
			buildActionMask = 2147483647;
			files = (
			);
			runOnlyForDeploymentPostprocessing = 0;
		};
/* End PBXResourcesBuildPhase section */

/* Begin PBXSourcesBuildPhase section */
		4D3B3A612C4D726500B80633 /* Sources */ = {
			isa = PBXSourcesBuildPhase;
			buildActionMask = 2147483647;
			files = (
				4D3B3A6B2C4D726500B80633 /* ContentView.swift in Sources */,
				4D3B3A692C4D726500B80633 /* Robot_RemoteApp.swift in Sources */,
			);
			runOnlyForDeploymentPostprocessing = 0;
		};
		4D3B3A722C4D726500B80633 /* Sources */ = {
			isa = PBXSourcesBuildPhase;
			buildActionMask = 2147483647;
			files = (
				4D3B3A7B2C4D726500B80633 /* Robot_RemoteTests.swift in Sources */,
			);
			runOnlyForDeploymentPostprocessing = 0;
		};
		4D3B3A7C2C4D726600B80633 /* Sources */ = {
			isa = PBXSourcesBuildPhase;
			buildActionMask = 2147483647;
			files = (
				4D3B3A852C4D726600B80633 /* Robot_RemoteUITests.swift in Sources */,
				4D3B3A872C4D726600B80633 /* Robot_RemoteUITestsLaunchTests.swift in Sources */,
			);
			runOnlyForDeploymentPostprocessing = 0;
		};
/* End PBXSourcesBuildPhase section */

/* Begin PBXTargetDependency section */
		4D3B3A782C4D726500B80633 /* PBXTargetDependency */ = {
			isa = PBXTargetDependency;
			target = 4D3B3A642C4D726500B80633 /* Robot Remote */;
			targetProxy = 4D3B3A772C4D726500B80633 /* PBXContainerItemProxy */;
		};
		4D3B3A822C4D726600B80633 /* PBXTargetDependency */ = {
			isa = PBXTargetDependency;
			target = 4D3B3A642C4D726500B80633 /* Robot Remote */;
			targetProxy = 4D3B3A812C4D726600B80633 /* PBXContainerItemProxy */;
		};
/* End PBXTargetDependency section */

/* Begin XCBuildConfiguration section */
		4D3B3A882C4D726600B80633 /* Debug */ = {
			isa = XCBuildConfiguration;
			buildSettings = {
				ALWAYS_SEARCH_USER_PATHS = NO;
				ASSETCATALOG_COMPILER_GENERATE_SWIFT_ASSET_SYMBOL_EXTENSIONS = YES;
				CLANG_ANALYZER_NONNULL = YES;
				CLANG_ANALYZER_NUMBER_OBJECT_CONVERSION = YES_AGGRESSIVE;
				CLANG_CXX_LANGUAGE_STANDARD = "gnu++20";
				CLANG_ENABLE_MODULES = YES;
				CLANG_ENABLE_OBJC_ARC = YES;
				CLANG_ENABLE_OBJC_WEAK = YES;
				CLANG_WARN_BLOCK_CAPTURE_AUTORELEASING = YES;
				CLANG_WARN_BOOL_CONVERSION = YES;
				CLANG_WARN_COMMA = YES;
				CLANG_WARN_CONSTANT_CONVERSION = YES;
				CLANG_WARN_DEPRECATED_OBJC_IMPLEMENTATIONS = YES;
				CLANG_WARN_DIRECT_OBJC_ISA_USAGE = YES_ERROR;
				CLANG_WARN_DOCUMENTATION_COMMENTS = YES;
				CLANG_WARN_EMPTY_BODY = YES;
				CLANG_WARN_ENUM_CONVERSION = YES;
				CLANG_WARN_INFINITE_RECURSION = YES;
				CLANG_WARN_INT_CONVERSION = YES;
				CLANG_WARN_NON_LITERAL_NULL_CONVERSION = YES;
				CLANG_WARN_OBJC_IMPLICIT_RETAIN_SELF = YES;
				CLANG_WARN_OBJC_LITERAL_CONVERSION = YES;
				CLANG_WARN_OBJC_ROOT_CLASS = YES_ERROR;
				CLANG_WARN_QUOTED_INCLUDE_IN_FRAMEWORK_HEADER = YES;
				CLANG_WARN_RANGE_LOOP_ANALYSIS = YES;
				CLANG_WARN_STRICT_PROTOTYPES = YES;
				CLANG_WARN_SUSPICIOUS_MOVE = YES;
				CLANG_WARN_UNGUARDED_AVAILABILITY = YES_AGGRESSIVE;
				CLANG_WARN_UNREACHABLE_CODE = YES;
				CLANG_WARN__DUPLICATE_METHOD_MATCH = YES;
				COPY_PHASE_STRIP = NO;
				DEBUG_INFORMATION_FORMAT = dwarf;
				ENABLE_STRICT_OBJC_MSGSEND = YES;
				ENABLE_TESTABILITY = YES;
				ENABLE_USER_SCRIPT_SANDBOXING = YES;
				GCC_C_LANGUAGE_STANDARD = gnu17;
				GCC_DYNAMIC_NO_PIC = NO;
				GCC_NO_COMMON_BLOCKS = YES;
				GCC_OPTIMIZATION_LEVEL = 0;
				GCC_PREPROCESSOR_DEFINITIONS = (
					"DEBUG=1",
					"$(inherited)",
				);
				GCC_WARN_64_TO_32_BIT_CONVERSION = YES;
				GCC_WARN_ABOUT_RETURN_TYPE = YES_ERROR;
				GCC_WARN_UNDECLARED_SELECTOR = YES;
				GCC_WARN_UNINITIALIZED_AUTOS = YES_AGGRESSIVE;
				GCC_WARN_UNUSED_FUNCTION = YES;
				GCC_WARN_UNUSED_VARIABLE = YES;
				LOCALIZATION_PREFERS_STRING_CATALOGS = YES;
				MTL_ENABLE_DEBUG_INFO = INCLUDE_SOURCE;
				MTL_FAST_MATH = YES;
				ONLY_ACTIVE_ARCH = YES;
				SWIFT_ACTIVE_COMPILATION_CONDITIONS = "DEBUG $(inherited)";
				SWIFT_OPTIMIZATION_LEVEL = "-Onone";
			};
			name = Debug;
		};
		4D3B3A892C4D726600B80633 /* Release */ = {
			isa = XCBuildConfiguration;
			buildSettings = {
				ALWAYS_SEARCH_USER_PATHS = NO;
				ASSETCATALOG_COMPILER_GENERATE_SWIFT_ASSET_SYMBOL_EXTENSIONS = YES;
				CLANG_ANALYZER_NONNULL = YES;
				CLANG_ANALYZER_NUMBER_OBJECT_CONVERSION = YES_AGGRESSIVE;
				CLANG_CXX_LANGUAGE_STANDARD = "gnu++20";
				CLANG_ENABLE_MODULES = YES;
				CLANG_ENABLE_OBJC_ARC = YES;
				CLANG_ENABLE_OBJC_WEAK = YES;
				CLANG_WARN_BLOCK_CAPTURE_AUTORELEASING = YES;
				CLANG_WARN_BOOL_CONVERSION = YES;
				CLANG_WARN_COMMA = YES;
				CLANG_WARN_CONSTANT_CONVERSION = YES;
				CLANG_WARN_DEPRECATED_OBJC_IMPLEMENTATIONS = YES;
				CLANG_WARN_DIRECT_OBJC_ISA_USAGE = YES_ERROR;
				CLANG_WARN_DOCUMENTATION_COMMENTS = YES;
				CLANG_WARN_EMPTY_BODY = YES;
				CLANG_WARN_ENUM_CONVERSION = YES;
				CLANG_WARN_INFINITE_RECURSION = YES;
				CLANG_WARN_INT_CONVERSION = YES;
				CLANG_WARN_NON_LITERAL_NULL_CONVERSION = YES;
				CLANG_WARN_OBJC_IMPLICIT_RETAIN_SELF = YES;
				CLANG_WARN_OBJC_LITERAL_CONVERSION = YES;
				CLANG_WARN_OBJC_ROOT_CLASS = YES_ERROR;
				CLANG_WARN_QUOTED_INCLUDE_IN_FRAMEWORK_HEADER = YES;
				CLANG_WARN_RANGE_LOOP_ANALYSIS = YES;
				CLANG_WARN_STRICT_PROTOTYPES = YES;
				CLANG_WARN_SUSPICIOUS_MOVE = YES;
				CLANG_WARN_UNGUARDED_AVAILABILITY = YES_AGGRESSIVE;
				CLANG_WARN_UNREACHABLE_CODE = YES;
				CLANG_WARN__DUPLICATE_METHOD_MATCH = YES;
				COPY_PHASE_STRIP = NO;
				DEBUG_INFORMATION_FORMAT = "dwarf-with-dsym";
				ENABLE_NS_ASSERTIONS = NO;
				ENABLE_STRICT_OBJC_MSGSEND = YES;
				ENABLE_USER_SCRIPT_SANDBOXING = YES;
				GCC_C_LANGUAGE_STANDARD = gnu17;
				GCC_NO_COMMON_BLOCKS = YES;
				GCC_WARN_64_TO_32_BIT_CONVERSION = YES;
				GCC_WARN_ABOUT_RETURN_TYPE = YES_ERROR;
				GCC_WARN_UNDECLARED_SELECTOR = YES;
				GCC_WARN_UNINITIALIZED_AUTOS = YES_AGGRESSIVE;
				GCC_WARN_UNUSED_FUNCTION = YES;
				GCC_WARN_UNUSED_VARIABLE = YES;
				LOCALIZATION_PREFERS_STRING_CATALOGS = YES;
				MTL_ENABLE_DEBUG_INFO = NO;
				MTL_FAST_MATH = YES;
				SWIFT_COMPILATION_MODE = wholemodule;
			};
			name = Release;
		};
		4D3B3A8B2C4D726600B80633 /* Debug */ = {
			isa = XCBuildConfiguration;
			buildSettings = {
				ASSETCATALOG_COMPILER_APPICON_NAME = AppIcon;
				ASSETCATALOG_COMPILER_GLOBAL_ACCENT_COLOR_NAME = AccentColor;
				CODE_SIGN_ENTITLEMENTS = "Robot Remote/Robot_Remote.entitlements";
				CODE_SIGN_STYLE = Automatic;
				CURRENT_PROJECT_VERSION = 1;
				DEVELOPMENT_ASSET_PATHS = "\"Robot Remote/Preview Content\"";
				ENABLE_PREVIEWS = YES;
				GENERATE_INFOPLIST_FILE = YES;
				"INFOPLIST_KEY_UIApplicationSceneManifest_Generation[sdk=iphoneos*]" = YES;
				"INFOPLIST_KEY_UIApplicationSceneManifest_Generation[sdk=iphonesimulator*]" = YES;
				"INFOPLIST_KEY_UIApplicationSupportsIndirectInputEvents[sdk=iphoneos*]" = YES;
				"INFOPLIST_KEY_UIApplicationSupportsIndirectInputEvents[sdk=iphonesimulator*]" = YES;
				"INFOPLIST_KEY_UILaunchScreen_Generation[sdk=iphoneos*]" = YES;
				"INFOPLIST_KEY_UILaunchScreen_Generation[sdk=iphonesimulator*]" = YES;
				"INFOPLIST_KEY_UIStatusBarStyle[sdk=iphoneos*]" = UIStatusBarStyleDefault;
				"INFOPLIST_KEY_UIStatusBarStyle[sdk=iphonesimulator*]" = UIStatusBarStyleDefault;
				INFOPLIST_KEY_UISupportedInterfaceOrientations_iPad = "UIInterfaceOrientationPortrait UIInterfaceOrientationPortraitUpsideDown UIInterfaceOrientationLandscapeLeft UIInterfaceOrientationLandscapeRight";
				INFOPLIST_KEY_UISupportedInterfaceOrientations_iPhone = "UIInterfaceOrientationPortrait UIInterfaceOrientationLandscapeLeft UIInterfaceOrientationLandscapeRight";
				IPHONEOS_DEPLOYMENT_TARGET = 17.5;
				LD_RUNPATH_SEARCH_PATHS = "@executable_path/Frameworks";
				"LD_RUNPATH_SEARCH_PATHS[sdk=macosx*]" = "@executable_path/../Frameworks";
				MACOSX_DEPLOYMENT_TARGET = 14.0;
				MARKETING_VERSION = 1.0;
				PRODUCT_BUNDLE_IDENTIFIER = "Robot-Remote.Robot-Remote";
				PRODUCT_NAME = "$(TARGET_NAME)";
				SDKROOT = auto;
				SUPPORTED_PLATFORMS = "iphoneos iphonesimulator macosx";
				SWIFT_EMIT_LOC_STRINGS = YES;
				SWIFT_VERSION = 5.0;
				TARGETED_DEVICE_FAMILY = "1,2";
			};
			name = Debug;
		};
		4D3B3A8C2C4D726600B80633 /* Release */ = {
			isa = XCBuildConfiguration;
			buildSettings = {
				ASSETCATALOG_COMPILER_APPICON_NAME = AppIcon;
				ASSETCATALOG_COMPILER_GLOBAL_ACCENT_COLOR_NAME = AccentColor;
				CODE_SIGN_ENTITLEMENTS = "Robot Remote/Robot_Remote.entitlements";
				CODE_SIGN_STYLE = Automatic;
				CURRENT_PROJECT_VERSION = 1;
				DEVELOPMENT_ASSET_PATHS = "\"Robot Remote/Preview Content\"";
				ENABLE_PREVIEWS = YES;
				GENERATE_INFOPLIST_FILE = YES;
				"INFOPLIST_KEY_UIApplicationSceneManifest_Generation[sdk=iphoneos*]" = YES;
				"INFOPLIST_KEY_UIApplicationSceneManifest_Generation[sdk=iphonesimulator*]" = YES;
				"INFOPLIST_KEY_UIApplicationSupportsIndirectInputEvents[sdk=iphoneos*]" = YES;
				"INFOPLIST_KEY_UIApplicationSupportsIndirectInputEvents[sdk=iphonesimulator*]" = YES;
				"INFOPLIST_KEY_UILaunchScreen_Generation[sdk=iphoneos*]" = YES;
				"INFOPLIST_KEY_UILaunchScreen_Generation[sdk=iphonesimulator*]" = YES;
				"INFOPLIST_KEY_UIStatusBarStyle[sdk=iphoneos*]" = UIStatusBarStyleDefault;
				"INFOPLIST_KEY_UIStatusBarStyle[sdk=iphonesimulator*]" = UIStatusBarStyleDefault;
				INFOPLIST_KEY_UISupportedInterfaceOrientations_iPad = "UIInterfaceOrientationPortrait UIInterfaceOrientationPortraitUpsideDown UIInterfaceOrientationLandscapeLeft UIInterfaceOrientationLandscapeRight";
				INFOPLIST_KEY_UISupportedInterfaceOrientations_iPhone = "UIInterfaceOrientationPortrait UIInterfaceOrientationLandscapeLeft UIInterfaceOrientationLandscapeRight";
				IPHONEOS_DEPLOYMENT_TARGET = 17.5;
				LD_RUNPATH_SEARCH_PATHS = "@executable_path/Frameworks";
				"LD_RUNPATH_SEARCH_PATHS[sdk=macosx*]" = "@executable_path/../Frameworks";
				MACOSX_DEPLOYMENT_TARGET = 14.0;
				MARKETING_VERSION = 1.0;
				PRODUCT_BUNDLE_IDENTIFIER = "Robot-Remote.Robot-Remote";
				PRODUCT_NAME = "$(TARGET_NAME)";
				SDKROOT = auto;
				SUPPORTED_PLATFORMS = "iphoneos iphonesimulator macosx";
				SWIFT_EMIT_LOC_STRINGS = YES;
				SWIFT_VERSION = 5.0;
				TARGETED_DEVICE_FAMILY = "1,2";
			};
			name = Release;
		};
		4D3B3A8E2C4D726600B80633 /* Debug */ = {
			isa = XCBuildConfiguration;
			buildSettings = {
				ALWAYS_EMBED_SWIFT_STANDARD_LIBRARIES = YES;
				BUNDLE_LOADER = "$(TEST_HOST)";
				CODE_SIGN_STYLE = Automatic;
				CURRENT_PROJECT_VERSION = 1;
				GENERATE_INFOPLIST_FILE = YES;
				IPHONEOS_DEPLOYMENT_TARGET = 17.5;
				MACOSX_DEPLOYMENT_TARGET = 14.0;
				MARKETING_VERSION = 1.0;
				PRODUCT_BUNDLE_IDENTIFIER = "Robot-Remote.Robot-RemoteTests";
				PRODUCT_NAME = "$(TARGET_NAME)";
				SDKROOT = auto;
				SUPPORTED_PLATFORMS = "iphoneos iphonesimulator macosx";
				SWIFT_EMIT_LOC_STRINGS = NO;
				SWIFT_VERSION = 5.0;
				TARGETED_DEVICE_FAMILY = "1,2";
				TEST_HOST = "$(BUILT_PRODUCTS_DIR)/Robot Remote.app/$(BUNDLE_EXECUTABLE_FOLDER_PATH)/Robot Remote";
			};
			name = Debug;
		};
		4D3B3A8F2C4D726600B80633 /* Release */ = {
			isa = XCBuildConfiguration;
			buildSettings = {
				ALWAYS_EMBED_SWIFT_STANDARD_LIBRARIES = YES;
				BUNDLE_LOADER = "$(TEST_HOST)";
				CODE_SIGN_STYLE = Automatic;
				CURRENT_PROJECT_VERSION = 1;
				GENERATE_INFOPLIST_FILE = YES;
				IPHONEOS_DEPLOYMENT_TARGET = 17.5;
				MACOSX_DEPLOYMENT_TARGET = 14.0;
				MARKETING_VERSION = 1.0;
				PRODUCT_BUNDLE_IDENTIFIER = "Robot-Remote.Robot-RemoteTests";
				PRODUCT_NAME = "$(TARGET_NAME)";
				SDKROOT = auto;
				SUPPORTED_PLATFORMS = "iphoneos iphonesimulator macosx";
				SWIFT_EMIT_LOC_STRINGS = NO;
				SWIFT_VERSION = 5.0;
				TARGETED_DEVICE_FAMILY = "1,2";
				TEST_HOST = "$(BUILT_PRODUCTS_DIR)/Robot Remote.app/$(BUNDLE_EXECUTABLE_FOLDER_PATH)/Robot Remote";
			};
			name = Release;
		};
		4D3B3A912C4D726600B80633 /* Debug */ = {
			isa = XCBuildConfiguration;
			buildSettings = {
				ALWAYS_EMBED_SWIFT_STANDARD_LIBRARIES = YES;
				CODE_SIGN_STYLE = Automatic;
				CURRENT_PROJECT_VERSION = 1;
				GENERATE_INFOPLIST_FILE = YES;
				IPHONEOS_DEPLOYMENT_TARGET = 17.5;
				MACOSX_DEPLOYMENT_TARGET = 14.0;
				MARKETING_VERSION = 1.0;
				PRODUCT_BUNDLE_IDENTIFIER = "Robot-Remote.Robot-RemoteUITests";
				PRODUCT_NAME = "$(TARGET_NAME)";
				SDKROOT = auto;
				SUPPORTED_PLATFORMS = "iphoneos iphonesimulator macosx";
				SWIFT_EMIT_LOC_STRINGS = NO;
				SWIFT_VERSION = 5.0;
				TARGETED_DEVICE_FAMILY = "1,2";
				TEST_TARGET_NAME = "Robot Remote";
			};
			name = Debug;
		};
		4D3B3A922C4D726600B80633 /* Release */ = {
			isa = XCBuildConfiguration;
			buildSettings = {
				ALWAYS_EMBED_SWIFT_STANDARD_LIBRARIES = YES;
				CODE_SIGN_STYLE = Automatic;
				CURRENT_PROJECT_VERSION = 1;
				GENERATE_INFOPLIST_FILE = YES;
				IPHONEOS_DEPLOYMENT_TARGET = 17.5;
				MACOSX_DEPLOYMENT_TARGET = 14.0;
				MARKETING_VERSION = 1.0;
				PRODUCT_BUNDLE_IDENTIFIER = "Robot-Remote.Robot-RemoteUITests";
				PRODUCT_NAME = "$(TARGET_NAME)";
				SDKROOT = auto;
				SUPPORTED_PLATFORMS = "iphoneos iphonesimulator macosx";
				SWIFT_EMIT_LOC_STRINGS = NO;
				SWIFT_VERSION = 5.0;
				TARGETED_DEVICE_FAMILY = "1,2";
				TEST_TARGET_NAME = "Robot Remote";
			};
			name = Release;
		};
/* End XCBuildConfiguration section */

/* Begin XCConfigurationList section */
		4D3B3A602C4D726500B80633 /* Build configuration list for PBXProject "Robot Remote" */ = {
			isa = XCConfigurationList;
			buildConfigurations = (
				4D3B3A882C4D726600B80633 /* Debug */,
				4D3B3A892C4D726600B80633 /* Release */,
			);
			defaultConfigurationIsVisible = 0;
			defaultConfigurationName = Release;
		};
		4D3B3A8A2C4D726600B80633 /* Build configuration list for PBXNativeTarget "Robot Remote" */ = {
			isa = XCConfigurationList;
			buildConfigurations = (
				4D3B3A8B2C4D726600B80633 /* Debug */,
				4D3B3A8C2C4D726600B80633 /* Release */,
			);
			defaultConfigurationIsVisible = 0;
			defaultConfigurationName = Release;
		};
		4D3B3A8D2C4D726600B80633 /* Build configuration list for PBXNativeTarget "Robot RemoteTests" */ = {
			isa = XCConfigurationList;
			buildConfigurations = (
				4D3B3A8E2C4D726600B80633 /* Debug */,
				4D3B3A8F2C4D726600B80633 /* Release */,
			);
			defaultConfigurationIsVisible = 0;
			defaultConfigurationName = Release;
		};
		4D3B3A902C4D726600B80633 /* Build configuration list for PBXNativeTarget "Robot RemoteUITests" */ = {
			isa = XCConfigurationList;
			buildConfigurations = (
				4D3B3A912C4D726600B80633 /* Debug */,
				4D3B3A922C4D726600B80633 /* Release */,
			);
			defaultConfigurationIsVisible = 0;
			defaultConfigurationName = Release;
		};
/* End XCConfigurationList section */
	};
	rootObject = 4D3B3A5D2C4D726500B80633 /* Project object */;
}
